
Microsoft Visual Studio Solution File, Format Version 11.00
# Visual Studio 2010
Project("{FAE04EC0-301F-11D3-BF4B-00C04F79EFBC}") = "ClosetGrower", "ClosetGrower\ClosetGrower\ClosetGrower.csproj", "{1504F7E6-0F1E-483C-8237-0F4E70F30A47}"
EndProject
Project("{96E2B04D-8817-42C6-938A-82C39BA4D311}") = "ClosetGrowerContent", "ClosetGrower\ClosetGrowerContent\ClosetGrowerContent.contentproj", "{BD973426-AD7C-4635-8375-539BFBB45970}"
EndProject
Global
	GlobalSection(SolutionConfigurationPlatforms) = preSolution
		Debug|Windows Phone = Debug|Windows Phone
		Release|Windows Phone = Release|Windows Phone
	EndGlobalSection
	GlobalSection(ProjectConfigurationPlatforms) = postSolution
		{1504F7E6-0F1E-483C-8237-0F4E70F30A47}.Debug|Windows Phone.ActiveCfg = Debug|Windows Phone
		{1504F7E6-0F1E-483C-8237-0F4E70F30A47}.Debug|Windows Phone.Build.0 = Debug|Windows Phone
		{1504F7E6-0F1E-483C-8237-0F4E70F30A47}.Debug|Windows Phone.Deploy.0 = Debug|Windows Phone
		{1504F7E6-0F1E-483C-8237-0F4E70F30A47}.Release|Windows Phone.ActiveCfg = Release|Windows Phone
		{1504F7E6-0F1E-483C-8237-0F4E70F30A47}.Release|Windows Phone.Build.0 = Release|Windows Phone
		{1504F7E6-0F1E-483C-8237-0F4E70F30A47}.Release|Windows Phone.Deploy.0 = Release|Windows Phone
		{BD973426-AD7C-4635-8375-539BFBB45970}.Debug|Windows Phone.ActiveCfg = Debug|Windows Phone
		{BD973426-AD7C-4635-8375-539BFBB45970}.Release|Windows Phone.ActiveCfg = Release|Windows Phone
	EndGlobalSection
	GlobalSection(SolutionProperties) = preSolution
		HideSolutionNode = FALSE
	EndGlobalSection
EndGlobal
