
Microsoft Visual Studio Solution File, Format Version 11.00
# Visual Studio 2010
Project("{FAE04EC0-301F-11D3-BF4B-00C04F79EFBC}") = "FreedomFarmer", "FreedomFarmer\FreedomFarmer\FreedomFarmer.csproj", "{9C7D5DBA-024C-4150-A683-A6814FEE7054}"
EndProject
Project("{FAE04EC0-301F-11D3-BF4B-00C04F79EFBC}") = "Content", "FreedomFarmer\Content\Content.contentproj", "{28377C16-F8B6-45A1-8E11-665EE19337CD}"
EndProject
Global
	GlobalSection(SolutionConfigurationPlatforms) = preSolution
		Debug|x86 = Debug|x86
		Release|x86 = Release|x86
	EndGlobalSection
	GlobalSection(ProjectConfigurationPlatforms) = postSolution
		{9C7D5DBA-024C-4150-A683-A6814FEE7054}.Debug|x86.ActiveCfg = Debug|x86
		{9C7D5DBA-024C-4150-A683-A6814FEE7054}.Debug|x86.Build.0 = Debug|x86
		{9C7D5DBA-024C-4150-A683-A6814FEE7054}.Release|x86.ActiveCfg = Release|x86
		{9C7D5DBA-024C-4150-A683-A6814FEE7054}.Release|x86.Build.0 = Release|x86
		{28377C16-F8B6-45A1-8E11-665EE19337CD}.Debug|x86.ActiveCfg = Debug|x86
		{28377C16-F8B6-45A1-8E11-665EE19337CD}.Release|x86.ActiveCfg = Release|x86
	EndGlobalSection
	GlobalSection(SolutionProperties) = preSolution
		HideSolutionNode = FALSE
	EndGlobalSection
EndGlobal
